
Microsoft Visual Studio Solution File, Format Version 12.00
# Visual Studio Version 16
VisualStudioVersion = 16.0.29403.142
MinimumVisualStudioVersion = 10.0.40219.1
Project("{8BC9CEB8-8B4A-11D0-8D11-00A0C91BC942}") = "Dll-Injector", "Dll-Injector\Dll-Injector.vcxproj", "{562080FA-AD19-40F6-96EA-83BD7594FAB1}"
EndProject
Global
	GlobalSection(SolutionConfigurationPlatforms) = preSolution
		Debug|x64 = Debug|x64
		Debug|x86 = Debug|x86
		Release|x64 = Release|x64
		Release|x86 = Release|x86
	EndGlobalSection
	GlobalSection(ProjectConfigurationPlatforms) = postSolution
		{562080FA-AD19-40F6-96EA-83BD7594FAB1}.Debug|x64.ActiveCfg = Debug|x64
		{562080FA-AD19-40F6-96EA-83BD7594FAB1}.Debug|x64.Build.0 = Debug|x64
		{562080FA-AD19-40F6-96EA-83BD7594FAB1}.Debug|x86.ActiveCfg = Debug|Win32
		{562080FA-AD19-40F6-96EA-83BD7594FAB1}.Debug|x86.Build.0 = Debug|Win32
		{562080FA-AD19-40F6-96EA-83BD7594FAB1}.Release|x64.ActiveCfg = Release|x64
		{562080FA-AD19-40F6-96EA-83BD7594FAB1}.Release|x64.Build.0 = Release|x64
		{562080FA-AD19-40F6-96EA-83BD7594FAB1}.Release|x86.ActiveCfg = Release|Win32
		{562080FA-AD19-40F6-96EA-83BD7594FAB1}.Release|x86.Build.0 = Release|Win32
	EndGlobalSection
	GlobalSection(SolutionProperties) = preSolution
		HideSolutionNode = FALSE
	EndGlobalSection
	GlobalSection(ExtensibilityGlobals) = postSolution
		SolutionGuid = {ACAE63F2-2B16-4645-9F60-18C7F5334CB2}
	EndGlobalSection
EndGlobal
